
Microsoft Visual Studio Solution File, Format Version 12.00
# Visual Studio Version 17
VisualStudioVersion = 17.2.32519.379
MinimumVisualStudioVersion = 10.0.40219.1
Project("{FAE04EC0-301F-11D3-BF4B-00C04F79EFBC}") = "SD-300-W22SD-Labs", "SD-300-W22SD-Labs\SD-300-W22SD-Labs.csproj", "{CE3927C2-5C29-4181-A646-852B6CDD81E2}"
EndProject
Global
	GlobalSection(SolutionConfigurationPlatforms) = preSolution
		Debug|Any CPU = Debug|Any CPU
		Release|Any CPU = Release|Any CPU
	EndGlobalSection
	GlobalSection(ProjectConfigurationPlatforms) = postSolution
		{CE3927C2-5C29-4181-A646-852B6CDD81E2}.Debug|Any CPU.ActiveCfg = Debug|Any CPU
		{CE3927C2-5C29-4181-A646-852B6CDD81E2}.Debug|Any CPU.Build.0 = Debug|Any CPU
		{CE3927C2-5C29-4181-A646-852B6CDD81E2}.Release|Any CPU.ActiveCfg = Release|Any CPU
		{CE3927C2-5C29-4181-A646-852B6CDD81E2}.Release|Any CPU.Build.0 = Release|Any CPU
	EndGlobalSection
	GlobalSection(SolutionProperties) = preSolution
		HideSolutionNode = FALSE
	EndGlobalSection
	GlobalSection(ExtensibilityGlobals) = postSolution
		SolutionGuid = {14CCCB0A-15AF-4315-A18B-6E991ADA84D9}
	EndGlobalSection
EndGlobal
